<?xml version="1.0" encoding="utf-8"?>
<Project ToolsVersion="4.0" xmlns="http://schemas.microsoft.com/developer/msbuild/2003">
  <ItemGroup>
    <Filter Include="ソース ファイル">
      <UniqueIdentifier>{4FC737F1-C7A5-4376-A066-2A32D752A2FF}</UniqueIdentifier>
      <Extensions>cpp;c;cc;cxx;def;odl;idl;hpj;bat;asm;asmx</Extensions>
    </Filter>
    <Filter Include="ヘッダー ファイル">
      <UniqueIdentifier>{93995380-89BD-4b04-88EB-625FBE52EBFB}</UniqueIdentifier>
      <Extensions>h;hpp;hxx;hm;inl;inc;xsd</Extensions>
    </Filter>
    <Filter Include="リソース ファイル">
      <UniqueIdentifier>{67DA6AB6-F800-4c08-8B7A-83BB121AAD01}</UniqueIdentifier>
      <Extensions>rc;ico;cur;bmp;dlg;rc2;rct;bin;rgs;gif;jpg;jpeg;jpe;resx;tiff;tif;png;wav;mfcribbon-ms</Extensions>
    </Filter>
    <Filter Include="ヘッダー ファイル\win32">
      <UniqueIdentifier>{cba3cfa8-4d5a-422d-bd44-c3fb23066b0e}</UniqueIdentifier>
    </Filter>
    <Filter Include="ソース ファイル\win32">
      <UniqueIdentifier>{aa86df23-1c55-4a54-b29f-69b396b52dc9}</UniqueIdentifier>
    </Filter>
    <Filter Include="ヘッダー ファイル\network">
      <UniqueIdentifier>{1df5f72f-a2ac-4da1-b256-123e72dc8f15}</UniqueIdentifier>
    </Filter>
    <Filter Include="ヘッダー ファイル\win32\detail">
      <UniqueIdentifier>{390dccdf-cc68-4098-aea8-aaa6bb8e5057}</UniqueIdentifier>
    </Filter>
    <Filter Include="ソース ファイル\win32\detail">
      <UniqueIdentifier>{43b33d1c-800f-4f95-a3d7-0365ab277f41}</UniqueIdentifier>
    </Filter>
    <Filter Include="ヘッダー ファイル\network\detail">
      <UniqueIdentifier>{5bea131c-2f93-44f2-abb3-04222757546d}</UniqueIdentifier>
    </Filter>
    <Filter Include="ソース ファイル\network">
      <UniqueIdentifier>{fd01d3e3-32de-42c1-9ce0-25db1627ef24}</UniqueIdentifier>
    </Filter>
    <Filter Include="ソース ファイル\network\detail">
      <UniqueIdentifier>{6e98ede7-0c61-47ee-af7a-237c52eefe94}</UniqueIdentifier>
    </Filter>
  </ItemGroup>
  <ItemGroup>
    <ClCompile Include="..\src\win32.cpp">
      <Filter>ソース ファイル</Filter>
    </ClCompile>
    <ClCompile Include="..\src\win32\string.cpp">
      <Filter>ソース ファイル\win32</Filter>
    </ClCompile>
    <ClCompile Include="..\src\win32\window_handle_t.cpp">
      <Filter>ソース ファイル\win32</Filter>
    </ClCompile>
    <ClCompile Include="..\src\win32\detail\if.cpp">
      <Filter>ソース ファイル\win32\detail</Filter>
    </ClCompile>
    <ClCompile Include="..\src\network\network.cpp">
      <Filter>ソース ファイル\network</Filter>
    </ClCompile>
    <ClCompile Include="..\src\network\detail\mac_addr.cpp">
      <Filter>ソース ファイル\network\detail</Filter>
    </ClCompile>
  </ItemGroup>
  <ItemGroup>
    <ClInclude Include="..\include\jefuty\win32.hpp">
      <Filter>ヘッダー ファイル</Filter>
    </ClInclude>
    <ClInclude Include="..\include\jefuty\win32\window_handle_t.hpp">
      <Filter>ヘッダー ファイル\win32</Filter>
    </ClInclude>
    <ClInclude Include="..\include\jefuty\win32\string.hpp">
      <Filter>ヘッダー ファイル\win32</Filter>
    </ClInclude>
    <ClInclude Include="..\include\jefuty\jefuty.hpp">
      <Filter>ヘッダー ファイル</Filter>
    </ClInclude>
    <ClInclude Include="..\include\jefuty\polygon.hpp">
      <Filter>ヘッダー ファイル</Filter>
    </ClInclude>
    <ClInclude Include="..\include\jefuty\network\detail\if.hpp">
      <Filter>ヘッダー ファイル\win32\detail</Filter>
    </ClInclude>
    <ClInclude Include="..\include\jefuty\network\detail\mac_addr.hpp">
      <Filter>ヘッダー ファイル\network\detail</Filter>
    </ClInclude>
    <ClInclude Include="..\include\jefuty\array.hpp">
      <Filter>ヘッダー ファイル</Filter>
    </ClInclude>
    <ClInclude Include="..\include\jefuty\network\network.hpp">
      <Filter>ヘッダー ファイル\network</Filter>
    </ClInclude>
  </ItemGroup>
  <ItemGroup>
    <None Include="wscript">
      <Filter>リソース ファイル</Filter>
    </None>
  </ItemGroup>
</Project>